
Microsoft Visual Studio Solution File, Format Version 12.00
# Visual Studio Version 17
VisualStudioVersion = 17.3.32901.215
MinimumVisualStudioVersion = 10.0.40219.1
Project("{8BC9CEB8-8B4A-11D0-8D11-00A0C91BC942}") = "Receiver", "Receiver\Receiver.vcxproj", "{7AA2E22B-7D02-48E7-9F77-A771BF830B36}"
EndProject
Project("{8BC9CEB8-8B4A-11D0-8D11-00A0C91BC942}") = "Sender", "Sender\Sender.vcxproj", "{0B408A30-D5F2-4AD3-B6C8-EA977B9B4687}"
EndProject
Global
	GlobalSection(SolutionConfigurationPlatforms) = preSolution
		Debug|x64 = Debug|x64
		Debug|x86 = Debug|x86
		Release|x64 = Release|x64
		Release|x86 = Release|x86
	EndGlobalSection
	GlobalSection(ProjectConfigurationPlatforms) = postSolution
		{7AA2E22B-7D02-48E7-9F77-A771BF830B36}.Debug|x64.ActiveCfg = Debug|x64
		{7AA2E22B-7D02-48E7-9F77-A771BF830B36}.Debug|x64.Build.0 = Debug|x64
		{7AA2E22B-7D02-48E7-9F77-A771BF830B36}.Debug|x86.ActiveCfg = Debug|Win32
		{7AA2E22B-7D02-48E7-9F77-A771BF830B36}.Debug|x86.Build.0 = Debug|Win32
		{7AA2E22B-7D02-48E7-9F77-A771BF830B36}.Release|x64.ActiveCfg = Release|x64
		{7AA2E22B-7D02-48E7-9F77-A771BF830B36}.Release|x64.Build.0 = Release|x64
		{7AA2E22B-7D02-48E7-9F77-A771BF830B36}.Release|x86.ActiveCfg = Release|Win32
		{7AA2E22B-7D02-48E7-9F77-A771BF830B36}.Release|x86.Build.0 = Release|Win32
		{0B408A30-D5F2-4AD3-B6C8-EA977B9B4687}.Debug|x64.ActiveCfg = Debug|x64
		{0B408A30-D5F2-4AD3-B6C8-EA977B9B4687}.Debug|x64.Build.0 = Debug|x64
		{0B408A30-D5F2-4AD3-B6C8-EA977B9B4687}.Debug|x86.ActiveCfg = Debug|Win32
		{0B408A30-D5F2-4AD3-B6C8-EA977B9B4687}.Debug|x86.Build.0 = Debug|Win32
		{0B408A30-D5F2-4AD3-B6C8-EA977B9B4687}.Release|x64.ActiveCfg = Release|x64
		{0B408A30-D5F2-4AD3-B6C8-EA977B9B4687}.Release|x64.Build.0 = Release|x64
		{0B408A30-D5F2-4AD3-B6C8-EA977B9B4687}.Release|x86.ActiveCfg = Release|Win32
		{0B408A30-D5F2-4AD3-B6C8-EA977B9B4687}.Release|x86.Build.0 = Release|Win32
	EndGlobalSection
	GlobalSection(SolutionProperties) = preSolution
		HideSolutionNode = FALSE
	EndGlobalSection
	GlobalSection(ExtensibilityGlobals) = postSolution
		SolutionGuid = {16D0634C-CDCC-4F57-94DB-9540FB6AB625}
	EndGlobalSection
EndGlobal
